
Microsoft Visual Studio Solution File, Format Version 12.00
# Visual Studio 15
VisualStudioVersion = 15.0.28307.329
MinimumVisualStudioVersion = 10.0.40219.1
Project("{9A19103F-16F7-4668-BE54-9A1E7A4F7556}") = "PtAlpha", "ProjectAlpha\PtAlpha.csproj", "{F82951A4-565D-4EAB-B8D3-C856382B05F3}"
EndProject
Project("{9A19103F-16F7-4668-BE54-9A1E7A4F7556}") = "AlphaLib", "AlphaLib\AlphaLib.csproj", "{F70452B4-A55A-4CF7-9ED5-35101D7D9BDA}"
	ProjectSection(ProjectDependencies) = postProject
		{F82951A4-565D-4EAB-B8D3-C856382B05F3} = {F82951A4-565D-4EAB-B8D3-C856382B05F3}
	EndProjectSection
EndProject
Global
	GlobalSection(SolutionConfigurationPlatforms) = preSolution
		Debug|Any CPU = Debug|Any CPU
		Release|Any CPU = Release|Any CPU
	EndGlobalSection
	GlobalSection(ProjectConfigurationPlatforms) = postSolution
		{F82951A4-565D-4EAB-B8D3-C856382B05F3}.Debug|Any CPU.ActiveCfg = Debug|Any CPU
		{F82951A4-565D-4EAB-B8D3-C856382B05F3}.Debug|Any CPU.Build.0 = Debug|Any CPU
		{F82951A4-565D-4EAB-B8D3-C856382B05F3}.Release|Any CPU.ActiveCfg = Release|Any CPU
		{F82951A4-565D-4EAB-B8D3-C856382B05F3}.Release|Any CPU.Build.0 = Release|Any CPU
		{F70452B4-A55A-4CF7-9ED5-35101D7D9BDA}.Debug|Any CPU.ActiveCfg = Debug|Any CPU
		{F70452B4-A55A-4CF7-9ED5-35101D7D9BDA}.Debug|Any CPU.Build.0 = Debug|Any CPU
		{F70452B4-A55A-4CF7-9ED5-35101D7D9BDA}.Release|Any CPU.ActiveCfg = Release|Any CPU
		{F70452B4-A55A-4CF7-9ED5-35101D7D9BDA}.Release|Any CPU.Build.0 = Release|Any CPU
	EndGlobalSection
	GlobalSection(SolutionProperties) = preSolution
		HideSolutionNode = FALSE
	EndGlobalSection
	GlobalSection(ExtensibilityGlobals) = postSolution
		SolutionGuid = {5B8E9124-6CD0-478E-86B0-A751927BF409}
	EndGlobalSection
EndGlobal
